
Microsoft Visual Studio Solution File, Format Version 12.00
# Visual Studio Version 17
VisualStudioVersion = 17.8.34511.84
MinimumVisualStudioVersion = 10.0.40219.1
Project("{9A19103F-16F7-4668-BE54-9A1E7A4F7556}") = "readSTL", "readSTL.csproj", "{42899566-80D3-449C-BF79-202E657EDDB5}"
EndProject
Global
	GlobalSection(SolutionConfigurationPlatforms) = preSolution
		Debug|Any CPU = Debug|Any CPU
		Release|Any CPU = Release|Any CPU
	EndGlobalSection
	GlobalSection(ProjectConfigurationPlatforms) = postSolution
		{42899566-80D3-449C-BF79-202E657EDDB5}.Debug|Any CPU.ActiveCfg = Debug|Any CPU
		{42899566-80D3-449C-BF79-202E657EDDB5}.Debug|Any CPU.Build.0 = Debug|Any CPU
		{42899566-80D3-449C-BF79-202E657EDDB5}.Release|Any CPU.ActiveCfg = Release|Any CPU
		{42899566-80D3-449C-BF79-202E657EDDB5}.Release|Any CPU.Build.0 = Release|Any CPU
	EndGlobalSection
	GlobalSection(SolutionProperties) = preSolution
		HideSolutionNode = FALSE
	EndGlobalSection
	GlobalSection(ExtensibilityGlobals) = postSolution
		SolutionGuid = {AD700E84-91C7-4B31-9CD3-83F8365408E6}
	EndGlobalSection
EndGlobal
